// !$*UTF8*$!
{
	archiveVersion = 1;
	classes = {
	};
	objectVersion = 56;
	objects = {

/* Begin PBXBuildFile section */
		AE99A8072B75F32C001D6D6B /* SynchronisierungViewController.swift in Sources */ = {isa = PBXBuildFile; fileRef = AE99A8062B75F32C001D6D6B /* SynchronisierungViewController.swift */; };
		AECA7C862B73792B0051459B /* TopViewController.swift in Sources */ = {isa = PBXBuildFile; fileRef = AECA7C842B73792B0051459B /* TopViewController.swift */; };
		AECA7C872B73792B0051459B /* TopViewController.xib in Resources */ = {isa = PBXBuildFile; fileRef = AECA7C852B73792B0051459B /* TopViewController.xib */; };
		AECA7C892B737F4C0051459B /* Utility.swift in Sources */ = {isa = PBXBuildFile; fileRef = AECA7C882B737F4C0051459B /* Utility.swift */; };
		AED319F32B7255BA004A4364 /* AppDelegate.swift in Sources */ = {isa = PBXBuildFile; fileRef = AED319F22B7255BA004A4364 /* AppDelegate.swift */; };
		AED319F52B7255BA004A4364 /* SceneDelegate.swift in Sources */ = {isa = PBXBuildFile; fileRef = AED319F42B7255BA004A4364 /* SceneDelegate.swift */; };
		AED319F72B7255BA004A4364 /* ViewController.swift in Sources */ = {isa = PBXBuildFile; fileRef = AED319F62B7255BA004A4364 /* ViewController.swift */; };
		AED319FA2B7255BA004A4364 /* Main.storyboard in Resources */ = {isa = PBXBuildFile; fileRef = AED319F82B7255BA004A4364 /* Main.storyboard */; };
		AED319FC2B7255BD004A4364 /* Assets.xcassets in Resources */ = {isa = PBXBuildFile; fileRef = AED319FB2B7255BD004A4364 /* Assets.xcassets */; };
		AED319FF2B7255BD004A4364 /* LaunchScreen.storyboard in Resources */ = {isa = PBXBuildFile; fileRef = AED319FD2B7255BD004A4364 /* LaunchScreen.storyboard */; };
		AED31A072B725B0E004A4364 /* HomeTabBarViewController.swift in Sources */ = {isa = PBXBuildFile; fileRef = AED31A062B725B0E004A4364 /* HomeTabBarViewController.swift */; };
		AED31A092B725B23004A4364 /* UserTabBarViewController.swift in Sources */ = {isa = PBXBuildFile; fileRef = AED31A082B725B23004A4364 /* UserTabBarViewController.swift */; };
		AED31A0B2B725B3E004A4364 /* QRCodeTabBarViewController.swift in Sources */ = {isa = PBXBuildFile; fileRef = AED31A0A2B725B3E004A4364 /* QRCodeTabBarViewController.swift */; };
		AED31A0D2B725B78004A4364 /* ListTabBarViewController.swift in Sources */ = {isa = PBXBuildFile; fileRef = AED31A0C2B725B78004A4364 /* ListTabBarViewController.swift */; };
		AED31A0F2B725B99004A4364 /* SettingTabBarViewController.swift in Sources */ = {isa = PBXBuildFile; fileRef = AED31A0E2B725B99004A4364 /* SettingTabBarViewController.swift */; };
/* End PBXBuildFile section */

/* Begin PBXFileReference section */
		AE99A8062B75F32C001D6D6B /* SynchronisierungViewController.swift */ = {isa = PBXFileReference; lastKnownFileType = sourcecode.swift; path = SynchronisierungViewController.swift; sourceTree = "<group>"; };
		AECA7C842B73792B0051459B /* TopViewController.swift */ = {isa = PBXFileReference; lastKnownFileType = sourcecode.swift; path = TopViewController.swift; sourceTree = "<group>"; };
		AECA7C852B73792B0051459B /* TopViewController.xib */ = {isa = PBXFileReference; lastKnownFileType = file.xib; path = TopViewController.xib; sourceTree = "<group>"; };
		AECA7C882B737F4C0051459B /* Utility.swift */ = {isa = PBXFileReference; lastKnownFileType = sourcecode.swift; path = Utility.swift; sourceTree = "<group>"; };
		AED319EF2B7255B9004A4364 /* FoodApp.app */ = {isa = PBXFileReference; explicitFileType = wrapper.application; includeInIndex = 0; path = FoodApp.app; sourceTree = BUILT_PRODUCTS_DIR; };
		AED319F22B7255BA004A4364 /* AppDelegate.swift */ = {isa = PBXFileReference; lastKnownFileType = sourcecode.swift; path = AppDelegate.swift; sourceTree = "<group>"; };
		AED319F42B7255BA004A4364 /* SceneDelegate.swift */ = {isa = PBXFileReference; lastKnownFileType = sourcecode.swift; path = SceneDelegate.swift; sourceTree = "<group>"; };
		AED319F62B7255BA004A4364 /* ViewController.swift */ = {isa = PBXFileReference; lastKnownFileType = sourcecode.swift; path = ViewController.swift; sourceTree = "<group>"; };
		AED319F92B7255BA004A4364 /* Base */ = {isa = PBXFileReference; lastKnownFileType = file.storyboard; name = Base; path = Base.lproj/Main.storyboard; sourceTree = "<group>"; };
		AED319FB2B7255BD004A4364 /* Assets.xcassets */ = {isa = PBXFileReference; lastKnownFileType = folder.assetcatalog; path = Assets.xcassets; sourceTree = "<group>"; };
		AED319FE2B7255BD004A4364 /* Base */ = {isa = PBXFileReference; lastKnownFileType = file.storyboard; name = Base; path = Base.lproj/LaunchScreen.storyboard; sourceTree = "<group>"; };
		AED31A002B7255BD004A4364 /* Info.plist */ = {isa = PBXFileReference; lastKnownFileType = text.plist.xml; path = Info.plist; sourceTree = "<group>"; };
		AED31A062B725B0E004A4364 /* HomeTabBarViewController.swift */ = {isa = PBXFileReference; lastKnownFileType = sourcecode.swift; path = HomeTabBarViewController.swift; sourceTree = "<group>"; };
		AED31A082B725B23004A4364 /* UserTabBarViewController.swift */ = {isa = PBXFileReference; lastKnownFileType = sourcecode.swift; path = UserTabBarViewController.swift; sourceTree = "<group>"; };
		AED31A0A2B725B3E004A4364 /* QRCodeTabBarViewController.swift */ = {isa = PBXFileReference; lastKnownFileType = sourcecode.swift; path = QRCodeTabBarViewController.swift; sourceTree = "<group>"; };
		AED31A0C2B725B78004A4364 /* ListTabBarViewController.swift */ = {isa = PBXFileReference; lastKnownFileType = sourcecode.swift; path = ListTabBarViewController.swift; sourceTree = "<group>"; };
		AED31A0E2B725B99004A4364 /* SettingTabBarViewController.swift */ = {isa = PBXFileReference; lastKnownFileType = sourcecode.swift; path = SettingTabBarViewController.swift; sourceTree = "<group>"; };
/* End PBXFileReference section */

/* Begin PBXFrameworksBuildPhase section */
		AED319EC2B7255B9004A4364 /* Frameworks */ = {
			isa = PBXFrameworksBuildPhase;
			buildActionMask = 2147483647;
			files = (
			);
			runOnlyForDeploymentPostprocessing = 0;
		};
/* End PBXFrameworksBuildPhase section */

/* Begin PBXGroup section */
		AECA7C8C2B738B9F0051459B /* Model */ = {
			isa = PBXGroup;
			children = (
				AECA7C842B73792B0051459B /* TopViewController.swift */,
				AECA7C882B737F4C0051459B /* Utility.swift */,
			);
			path = Model;
			sourceTree = "<group>";
		};
		AECA7C8D2B738BB10051459B /* View */ = {
			isa = PBXGroup;
			children = (
				AED319FD2B7255BD004A4364 /* LaunchScreen.storyboard */,
				AED319F82B7255BA004A4364 /* Main.storyboard */,
				AECA7C852B73792B0051459B /* TopViewController.xib */,
			);
			path = View;
			sourceTree = "<group>";
		};
		AECA7C8E2B738BB90051459B /* Controller */ = {
			isa = PBXGroup;
			children = (
				AED31A062B725B0E004A4364 /* HomeTabBarViewController.swift */,
				AED31A082B725B23004A4364 /* UserTabBarViewController.swift */,
				AED31A0A2B725B3E004A4364 /* QRCodeTabBarViewController.swift */,
				AED31A0C2B725B78004A4364 /* ListTabBarViewController.swift */,
				AED31A0E2B725B99004A4364 /* SettingTabBarViewController.swift */,
				AE99A8062B75F32C001D6D6B /* SynchronisierungViewController.swift */,
			);
			path = Controller;
			sourceTree = "<group>";
		};
		AED319E62B7255B9004A4364 = {
			isa = PBXGroup;
			children = (
				AED319F12B7255B9004A4364 /* FoodApp */,
				AED319F02B7255B9004A4364 /* Products */,
			);
			sourceTree = "<group>";
		};
		AED319F02B7255B9004A4364 /* Products */ = {
			isa = PBXGroup;
			children = (
				AED319EF2B7255B9004A4364 /* FoodApp.app */,
			);
			name = Products;
			sourceTree = "<group>";
		};
		AED319F12B7255B9004A4364 /* FoodApp */ = {
			isa = PBXGroup;
			children = (
				AECA7C8C2B738B9F0051459B /* Model */,
				AECA7C8D2B738BB10051459B /* View */,
				AECA7C8E2B738BB90051459B /* Controller */,
				AED319F22B7255BA004A4364 /* AppDelegate.swift */,
				AED319F42B7255BA004A4364 /* SceneDelegate.swift */,
				AED319F62B7255BA004A4364 /* ViewController.swift */,
				AED319FB2B7255BD004A4364 /* Assets.xcassets */,
				AED31A002B7255BD004A4364 /* Info.plist */,
			);
			path = FoodApp;
			sourceTree = "<group>";
		};
/* End PBXGroup section */

/* Begin PBXNativeTarget section */
		AED319EE2B7255B9004A4364 /* FoodApp */ = {
			isa = PBXNativeTarget;
			buildConfigurationList = AED31A032B7255BD004A4364 /* Build configuration list for PBXNativeTarget "FoodApp" */;
			buildPhases = (
				AED319EB2B7255B9004A4364 /* Sources */,
				AED319EC2B7255B9004A4364 /* Frameworks */,
				AED319ED2B7255B9004A4364 /* Resources */,
			);
			buildRules = (
			);
			dependencies = (
			);
			name = FoodApp;
			productName = FoodApp;
			productReference = AED319EF2B7255B9004A4364 /* FoodApp.app */;
			productType = "com.apple.product-type.application";
		};
/* End PBXNativeTarget section */

/* Begin PBXProject section */
		AED319E72B7255B9004A4364 /* Project object */ = {
			isa = PBXProject;
			attributes = {
				BuildIndependentTargetsInParallel = 1;
				LastSwiftUpdateCheck = 1520;
				LastUpgradeCheck = 1520;
				TargetAttributes = {
					AED319EE2B7255B9004A4364 = {
						CreatedOnToolsVersion = 15.2;
					};
				};
			};
			buildConfigurationList = AED319EA2B7255B9004A4364 /* Build configuration list for PBXProject "FoodApp" */;
			compatibilityVersion = "Xcode 14.0";
			developmentRegion = en;
			hasScannedForEncodings = 0;
			knownRegions = (
				en,
				Base,
			);
			mainGroup = AED319E62B7255B9004A4364;
			productRefGroup = AED319F02B7255B9004A4364 /* Products */;
			projectDirPath = "";
			projectRoot = "";
			targets = (
				AED319EE2B7255B9004A4364 /* FoodApp */,
			);
		};
/* End PBXProject section */

/* Begin PBXResourcesBuildPhase section */
		AED319ED2B7255B9004A4364 /* Resources */ = {
			isa = PBXResourcesBuildPhase;
			buildActionMask = 2147483647;
			files = (
				AECA7C872B73792B0051459B /* TopViewController.xib in Resources */,
				AED319FF2B7255BD004A4364 /* LaunchScreen.storyboard in Resources */,
				AED319FC2B7255BD004A4364 /* Assets.xcassets in Resources */,
				AED319FA2B7255BA004A4364 /* Main.storyboard in Resources */,
			);
			runOnlyForDeploymentPostprocessing = 0;
		};
/* End PBXResourcesBuildPhase section */

/* Begin PBXSourcesBuildPhase section */
		AED319EB2B7255B9004A4364 /* Sources */ = {
			isa = PBXSourcesBuildPhase;
			buildActionMask = 2147483647;
			files = (
				AED319F72B7255BA004A4364 /* ViewController.swift in Sources */,
				AED31A092B725B23004A4364 /* UserTabBarViewController.swift in Sources */,
				AECA7C892B737F4C0051459B /* Utility.swift in Sources */,
				AED31A0B2B725B3E004A4364 /* QRCodeTabBarViewController.swift in Sources */,
				AECA7C862B73792B0051459B /* TopViewController.swift in Sources */,
				AED31A0D2B725B78004A4364 /* ListTabBarViewController.swift in Sources */,
				AED319F32B7255BA004A4364 /* AppDelegate.swift in Sources */,
				AED319F52B7255BA004A4364 /* SceneDelegate.swift in Sources */,
				AE99A8072B75F32C001D6D6B /* SynchronisierungViewController.swift in Sources */,
				AED31A072B725B0E004A4364 /* HomeTabBarViewController.swift in Sources */,
				AED31A0F2B725B99004A4364 /* SettingTabBarViewController.swift in Sources */,
			);
			runOnlyForDeploymentPostprocessing = 0;
		};
/* End PBXSourcesBuildPhase section */

/* Begin PBXVariantGroup section */
		AED319F82B7255BA004A4364 /* Main.storyboard */ = {
			isa = PBXVariantGroup;
			children = (
				AED319F92B7255BA004A4364 /* Base */,
			);
			name = Main.storyboard;
			sourceTree = "<group>";
		};
		AED319FD2B7255BD004A4364 /* LaunchScreen.storyboard */ = {
			isa = PBXVariantGroup;
			children = (
				AED319FE2B7255BD004A4364 /* Base */,
			);
			name = LaunchScreen.storyboard;
			sourceTree = "<group>";
		};
/* End PBXVariantGroup section */

/* Begin XCBuildConfiguration section */
		AED31A012B7255BD004A4364 /* Debug */ = {
			isa = XCBuildConfiguration;
			buildSettings = {
				ALWAYS_SEARCH_USER_PATHS = NO;
				ASSETCATALOG_COMPILER_GENERATE_SWIFT_ASSET_SYMBOL_EXTENSIONS = YES;
				CLANG_ANALYZER_NONNULL = YES;
				CLANG_ANALYZER_NUMBER_OBJECT_CONVERSION = YES_AGGRESSIVE;
				CLANG_CXX_LANGUAGE_STANDARD = "gnu++20";
				CLANG_ENABLE_MODULES = YES;
				CLANG_ENABLE_OBJC_ARC = YES;
				CLANG_ENABLE_OBJC_WEAK = YES;
				CLANG_WARN_BLOCK_CAPTURE_AUTORELEASING = YES;
				CLANG_WARN_BOOL_CONVERSION = YES;
				CLANG_WARN_COMMA = YES;
				CLANG_WARN_CONSTANT_CONVERSION = YES;
				CLANG_WARN_DEPRECATED_OBJC_IMPLEMENTATIONS = YES;
				CLANG_WARN_DIRECT_OBJC_ISA_USAGE = YES_ERROR;
				CLANG_WARN_DOCUMENTATION_COMMENTS = YES;
				CLANG_WARN_EMPTY_BODY = YES;
				CLANG_WARN_ENUM_CONVERSION = YES;
				CLANG_WARN_INFINITE_RECURSION = YES;
				CLANG_WARN_INT_CONVERSION = YES;
				CLANG_WARN_NON_LITERAL_NULL_CONVERSION = YES;
				CLANG_WARN_OBJC_IMPLICIT_RETAIN_SELF = YES;
				CLANG_WARN_OBJC_LITERAL_CONVERSION = YES;
				CLANG_WARN_OBJC_ROOT_CLASS = YES_ERROR;
				CLANG_WARN_QUOTED_INCLUDE_IN_FRAMEWORK_HEADER = YES;
				CLANG_WARN_RANGE_LOOP_ANALYSIS = YES;
				CLANG_WARN_STRICT_PROTOTYPES = YES;
				CLANG_WARN_SUSPICIOUS_MOVE = YES;
				CLANG_WARN_UNGUARDED_AVAILABILITY = YES_AGGRESSIVE;
				CLANG_WARN_UNREACHABLE_CODE = YES;
				CLANG_WARN__DUPLICATE_METHOD_MATCH = YES;
				COPY_PHASE_STRIP = NO;
				DEBUG_INFORMATION_FORMAT = dwarf;
				ENABLE_STRICT_OBJC_MSGSEND = YES;
				ENABLE_TESTABILITY = YES;
				ENABLE_USER_SCRIPT_SANDBOXING = YES;
				GCC_C_LANGUAGE_STANDARD = gnu17;
				GCC_DYNAMIC_NO_PIC = NO;
				GCC_NO_COMMON_BLOCKS = YES;
				GCC_OPTIMIZATION_LEVEL = 0;
				GCC_PREPROCESSOR_DEFINITIONS = (
					"DEBUG=1",
					"$(inherited)",
				);
				GCC_WARN_64_TO_32_BIT_CONVERSION = YES;
				GCC_WARN_ABOUT_RETURN_TYPE = YES_ERROR;
				GCC_WARN_UNDECLARED_SELECTOR = YES;
				GCC_WARN_UNINITIALIZED_AUTOS = YES_AGGRESSIVE;
				GCC_WARN_UNUSED_FUNCTION = YES;
				GCC_WARN_UNUSED_VARIABLE = YES;
				IPHONEOS_DEPLOYMENT_TARGET = 17.2;
				LOCALIZATION_PREFERS_STRING_CATALOGS = YES;
				MTL_ENABLE_DEBUG_INFO = INCLUDE_SOURCE;
				MTL_FAST_MATH = YES;
				ONLY_ACTIVE_ARCH = YES;
				SDKROOT = iphoneos;
				SWIFT_ACTIVE_COMPILATION_CONDITIONS = "DEBUG $(inherited)";
				SWIFT_OPTIMIZATION_LEVEL = "-Onone";
			};
			name = Debug;
		};
		AED31A022B7255BD004A4364 /* Release */ = {
			isa = XCBuildConfiguration;
			buildSettings = {
				ALWAYS_SEARCH_USER_PATHS = NO;
				ASSETCATALOG_COMPILER_GENERATE_SWIFT_ASSET_SYMBOL_EXTENSIONS = YES;
				CLANG_ANALYZER_NONNULL = YES;
				CLANG_ANALYZER_NUMBER_OBJECT_CONVERSION = YES_AGGRESSIVE;
				CLANG_CXX_LANGUAGE_STANDARD = "gnu++20";
				CLANG_ENABLE_MODULES = YES;
				CLANG_ENABLE_OBJC_ARC = YES;
				CLANG_ENABLE_OBJC_WEAK = YES;
				CLANG_WARN_BLOCK_CAPTURE_AUTORELEASING = YES;
				CLANG_WARN_BOOL_CONVERSION = YES;
				CLANG_WARN_COMMA = YES;
				CLANG_WARN_CONSTANT_CONVERSION = YES;
				CLANG_WARN_DEPRECATED_OBJC_IMPLEMENTATIONS = YES;
				CLANG_WARN_DIRECT_OBJC_ISA_USAGE = YES_ERROR;
				CLANG_WARN_DOCUMENTATION_COMMENTS = YES;
				CLANG_WARN_EMPTY_BODY = YES;
				CLANG_WARN_ENUM_CONVERSION = YES;
				CLANG_WARN_INFINITE_RECURSION = YES;
				CLANG_WARN_INT_CONVERSION = YES;
				CLANG_WARN_NON_LITERAL_NULL_CONVERSION = YES;
				CLANG_WARN_OBJC_IMPLICIT_RETAIN_SELF = YES;
				CLANG_WARN_OBJC_LITERAL_CONVERSION = YES;
				CLANG_WARN_OBJC_ROOT_CLASS = YES_ERROR;
				CLANG_WARN_QUOTED_INCLUDE_IN_FRAMEWORK_HEADER = YES;
				CLANG_WARN_RANGE_LOOP_ANALYSIS = YES;
				CLANG_WARN_STRICT_PROTOTYPES = YES;
				CLANG_WARN_SUSPICIOUS_MOVE = YES;
				CLANG_WARN_UNGUARDED_AVAILABILITY = YES_AGGRESSIVE;
				CLANG_WARN_UNREACHABLE_CODE = YES;
				CLANG_WARN__DUPLICATE_METHOD_MATCH = YES;
				COPY_PHASE_STRIP = NO;
				DEBUG_INFORMATION_FORMAT = "dwarf-with-dsym";
				ENABLE_NS_ASSERTIONS = NO;
				ENABLE_STRICT_OBJC_MSGSEND = YES;
				ENABLE_USER_SCRIPT_SANDBOXING = YES;
				GCC_C_LANGUAGE_STANDARD = gnu17;
				GCC_NO_COMMON_BLOCKS = YES;
				GCC_WARN_64_TO_32_BIT_CONVERSION = YES;
				GCC_WARN_ABOUT_RETURN_TYPE = YES_ERROR;
				GCC_WARN_UNDECLARED_SELECTOR = YES;
				GCC_WARN_UNINITIALIZED_AUTOS = YES_AGGRESSIVE;
				GCC_WARN_UNUSED_FUNCTION = YES;
				GCC_WARN_UNUSED_VARIABLE = YES;
				IPHONEOS_DEPLOYMENT_TARGET = 17.2;
				LOCALIZATION_PREFERS_STRING_CATALOGS = YES;
				MTL_ENABLE_DEBUG_INFO = NO;
				MTL_FAST_MATH = YES;
				SDKROOT = iphoneos;
				SWIFT_COMPILATION_MODE = wholemodule;
				VALIDATE_PRODUCT = YES;
			};
			name = Release;
		};
		AED31A042B7255BD004A4364 /* Debug */ = {
			isa = XCBuildConfiguration;
			buildSettings = {
				ASSETCATALOG_COMPILER_APPICON_NAME = AppIcon;
				ASSETCATALOG_COMPILER_GLOBAL_ACCENT_COLOR_NAME = AccentColor;
				CODE_SIGN_STYLE = Automatic;
				CURRENT_PROJECT_VERSION = 1;
				DEVELOPMENT_TEAM = U7GQAYT5DM;
				GENERATE_INFOPLIST_FILE = YES;
				INFOPLIST_FILE = FoodApp/Info.plist;
				INFOPLIST_KEY_UIApplicationSupportsIndirectInputEvents = YES;
				INFOPLIST_KEY_UILaunchStoryboardName = LaunchScreen;
				INFOPLIST_KEY_UIMainStoryboardFile = Main;
				INFOPLIST_KEY_UISupportedInterfaceOrientations_iPad = "UIInterfaceOrientationPortrait UIInterfaceOrientationPortraitUpsideDown UIInterfaceOrientationLandscapeLeft UIInterfaceOrientationLandscapeRight";
				INFOPLIST_KEY_UISupportedInterfaceOrientations_iPhone = "UIInterfaceOrientationPortrait UIInterfaceOrientationLandscapeLeft UIInterfaceOrientationLandscapeRight";
				LD_RUNPATH_SEARCH_PATHS = (
					"$(inherited)",
					"@executable_path/Frameworks",
				);
				MARKETING_VERSION = 1.0;
				PRODUCT_BUNDLE_IDENTIFIER = mobofilia.FoodApp;
				PRODUCT_NAME = "$(TARGET_NAME)";
				SWIFT_EMIT_LOC_STRINGS = YES;
				SWIFT_VERSION = 5.0;
				TARGETED_DEVICE_FAMILY = "1,2";
			};
			name = Debug;
		};
		AED31A052B7255BD004A4364 /* Release */ = {
			isa = XCBuildConfiguration;
			buildSettings = {
				ASSETCATALOG_COMPILER_APPICON_NAME = AppIcon;
				ASSETCATALOG_COMPILER_GLOBAL_ACCENT_COLOR_NAME = AccentColor;
				CODE_SIGN_STYLE = Automatic;
				CURRENT_PROJECT_VERSION = 1;
				DEVELOPMENT_TEAM = U7GQAYT5DM;
				GENERATE_INFOPLIST_FILE = YES;
				INFOPLIST_FILE = FoodApp/Info.plist;
				INFOPLIST_KEY_UIApplicationSupportsIndirectInputEvents = YES;
				INFOPLIST_KEY_UILaunchStoryboardName = LaunchScreen;
				INFOPLIST_KEY_UIMainStoryboardFile = Main;
				INFOPLIST_KEY_UISupportedInterfaceOrientations_iPad = "UIInterfaceOrientationPortrait UIInterfaceOrientationPortraitUpsideDown UIInterfaceOrientationLandscapeLeft UIInterfaceOrientationLandscapeRight";
				INFOPLIST_KEY_UISupportedInterfaceOrientations_iPhone = "UIInterfaceOrientationPortrait UIInterfaceOrientationLandscapeLeft UIInterfaceOrientationLandscapeRight";
				LD_RUNPATH_SEARCH_PATHS = (
					"$(inherited)",
					"@executable_path/Frameworks",
				);
				MARKETING_VERSION = 1.0;
				PRODUCT_BUNDLE_IDENTIFIER = mobofilia.FoodApp;
				PRODUCT_NAME = "$(TARGET_NAME)";
				SWIFT_EMIT_LOC_STRINGS = YES;
				SWIFT_VERSION = 5.0;
				TARGETED_DEVICE_FAMILY = "1,2";
			};
			name = Release;
		};
/* End XCBuildConfiguration section */

/* Begin XCConfigurationList section */
		AED319EA2B7255B9004A4364 /* Build configuration list for PBXProject "FoodApp" */ = {
			isa = XCConfigurationList;
			buildConfigurations = (
				AED31A012B7255BD004A4364 /* Debug */,
				AED31A022B7255BD004A4364 /* Release */,
			);
			defaultConfigurationIsVisible = 0;
			defaultConfigurationName = Release;
		};
		AED31A032B7255BD004A4364 /* Build configuration list for PBXNativeTarget "FoodApp" */ = {
			isa = XCConfigurationList;
			buildConfigurations = (
				AED31A042B7255BD004A4364 /* Debug */,
				AED31A052B7255BD004A4364 /* Release */,
			);
			defaultConfigurationIsVisible = 0;
			defaultConfigurationName = Release;
		};
/* End XCConfigurationList section */
	};
	rootObject = AED319E72B7255B9004A4364 /* Project object */;
}
